
Microsoft Visual Studio Solution File, Format Version 12.00
# Visual Studio Version 17
VisualStudioVersion = 17.10.35122.118
MinimumVisualStudioVersion = 10.0.40219.1
Project("{2150E333-8FDC-42A3-9474-1A3956D46DE8}") = "Itens de Solução", "Itens de Solução", "{6C97C5A8-4149-4D05-8209-FC48F850F9BB}"
	ProjectSection(SolutionItems) = preProject
		ContainRs API.postman_collection.json = ContainRs API.postman_collection.json
		Glossario.md = Glossario.md
		README.md = README.md
	EndProjectSection
EndProject
Project("{2150E333-8FDC-42A3-9474-1A3956D46DE8}") = "src", "src", "{BB5080F2-2FC9-4936-ADFC-85CBC6E32928}"
EndProject
Project("{2150E333-8FDC-42A3-9474-1A3956D46DE8}") = "tests", "tests", "{5B449042-12EB-4D6B-A551-9089BE224E06}"
EndProject
Project("{FAE04EC0-301F-11D3-BF4B-00C04F79EFBC}") = "ContainRs.Api", "src\ContainRs.Api\ContainRs.Api.csproj", "{76D3FB81-FC2B-4F86-B22F-D0361756EB0F}"
EndProject
Project("{FAE04EC0-301F-11D3-BF4B-00C04F79EFBC}") = "ContainRs.Testes", "tests\ContainRs.Testes\ContainRs.Testes.csproj", "{E52DC0D6-2088-47E7-888D-F6189F6FE2D2}"
EndProject
Global
	GlobalSection(SolutionConfigurationPlatforms) = preSolution
		Debug|Any CPU = Debug|Any CPU
		Release|Any CPU = Release|Any CPU
	EndGlobalSection
	GlobalSection(ProjectConfigurationPlatforms) = postSolution
		{76D3FB81-FC2B-4F86-B22F-D0361756EB0F}.Debug|Any CPU.ActiveCfg = Debug|Any CPU
		{76D3FB81-FC2B-4F86-B22F-D0361756EB0F}.Debug|Any CPU.Build.0 = Debug|Any CPU
		{76D3FB81-FC2B-4F86-B22F-D0361756EB0F}.Release|Any CPU.ActiveCfg = Release|Any CPU
		{76D3FB81-FC2B-4F86-B22F-D0361756EB0F}.Release|Any CPU.Build.0 = Release|Any CPU
		{E52DC0D6-2088-47E7-888D-F6189F6FE2D2}.Debug|Any CPU.ActiveCfg = Debug|Any CPU
		{E52DC0D6-2088-47E7-888D-F6189F6FE2D2}.Debug|Any CPU.Build.0 = Debug|Any CPU
		{E52DC0D6-2088-47E7-888D-F6189F6FE2D2}.Release|Any CPU.ActiveCfg = Release|Any CPU
		{E52DC0D6-2088-47E7-888D-F6189F6FE2D2}.Release|Any CPU.Build.0 = Release|Any CPU
	EndGlobalSection
	GlobalSection(SolutionProperties) = preSolution
		HideSolutionNode = FALSE
	EndGlobalSection
	GlobalSection(NestedProjects) = preSolution
		{76D3FB81-FC2B-4F86-B22F-D0361756EB0F} = {BB5080F2-2FC9-4936-ADFC-85CBC6E32928}
		{E52DC0D6-2088-47E7-888D-F6189F6FE2D2} = {5B449042-12EB-4D6B-A551-9089BE224E06}
	EndGlobalSection
	GlobalSection(ExtensibilityGlobals) = postSolution
		SolutionGuid = {DC479B39-0170-466F-A7C1-258D9F3761B2}
	EndGlobalSection
EndGlobal
